
Microsoft Visual Studio Solution File, Format Version 12.00
# Visual Studio Version 17
VisualStudioVersion = 17.12.35707.178
MinimumVisualStudioVersion = 10.0.40219.1
Project("{FAE04EC0-301F-11D3-BF4B-00C04F79EFBC}") = "Nonogram", "Nonogram\Nonogram.csproj", "{9DF1E81D-2DAE-400F-A01C-AEED7CBD4F7A}"
EndProject
Project("{FAE04EC0-301F-11D3-BF4B-00C04F79EFBC}") = "Nonogram.Tests", "Nonogram.Tests\Nonogram.Tests.csproj", "{D3543FDF-C7A4-4E44-AF02-36D246C41626}"
EndProject
Global
	GlobalSection(SolutionConfigurationPlatforms) = preSolution
		Debug|Any CPU = Debug|Any CPU
		Release|Any CPU = Release|Any CPU
	EndGlobalSection
	GlobalSection(ProjectConfigurationPlatforms) = postSolution
		{9DF1E81D-2DAE-400F-A01C-AEED7CBD4F7A}.Debug|Any CPU.ActiveCfg = Debug|Any CPU
		{9DF1E81D-2DAE-400F-A01C-AEED7CBD4F7A}.Debug|Any CPU.Build.0 = Debug|Any CPU
		{9DF1E81D-2DAE-400F-A01C-AEED7CBD4F7A}.Release|Any CPU.ActiveCfg = Release|Any CPU
		{9DF1E81D-2DAE-400F-A01C-AEED7CBD4F7A}.Release|Any CPU.Build.0 = Release|Any CPU
		{D3543FDF-C7A4-4E44-AF02-36D246C41626}.Debug|Any CPU.ActiveCfg = Debug|Any CPU
		{D3543FDF-C7A4-4E44-AF02-36D246C41626}.Debug|Any CPU.Build.0 = Debug|Any CPU
		{D3543FDF-C7A4-4E44-AF02-36D246C41626}.Release|Any CPU.ActiveCfg = Release|Any CPU
		{D3543FDF-C7A4-4E44-AF02-36D246C41626}.Release|Any CPU.Build.0 = Release|Any CPU
	EndGlobalSection
	GlobalSection(SolutionProperties) = preSolution
		HideSolutionNode = FALSE
	EndGlobalSection
	GlobalSection(ExtensibilityGlobals) = postSolution
		SolutionGuid = {090FF0E2-803C-48EF-83F8-488CDDEA654C}
	EndGlobalSection
EndGlobal
